
Microsoft Visual Studio Solution File, Format Version 12.00
# Visual Studio Version 17
VisualStudioVersion = 17.13.35818.85 d17.13
MinimumVisualStudioVersion = 10.0.40219.1
Project("{FAE04EC0-301F-11D3-BF4B-00C04F79EFBC}") = "St10440432CyberBotGUI", "St10440432CyberBotGUI.csproj", "{0233227F-53A8-415D-93BC-1E5548845B51}"
EndProject
Global
	GlobalSection(SolutionConfigurationPlatforms) = preSolution
		Debug|Any CPU = Debug|Any CPU
		Release|Any CPU = Release|Any CPU
	EndGlobalSection
	GlobalSection(ProjectConfigurationPlatforms) = postSolution
		{0233227F-53A8-415D-93BC-1E5548845B51}.Debug|Any CPU.ActiveCfg = Debug|Any CPU
		{0233227F-53A8-415D-93BC-1E5548845B51}.Debug|Any CPU.Build.0 = Debug|Any CPU
		{0233227F-53A8-415D-93BC-1E5548845B51}.Release|Any CPU.ActiveCfg = Release|Any CPU
		{0233227F-53A8-415D-93BC-1E5548845B51}.Release|Any CPU.Build.0 = Release|Any CPU
	EndGlobalSection
	GlobalSection(SolutionProperties) = preSolution
		HideSolutionNode = FALSE
	EndGlobalSection
	GlobalSection(ExtensibilityGlobals) = postSolution
		SolutionGuid = {1BC73A89-7645-4B90-B4D6-8585D4FD970A}
	EndGlobalSection
EndGlobal
